// !$*UTF8*$!
{
	archiveVersion = 1;
	classes = {
	};
	objectVersion = 46;
	objects = {

/* Begin PBXBuildFile section */
		A426B9781C9C816E005E748E /* CountryAudioRowController.swift in Sources */ = {isa = PBXBuildFile; fileRef = A426B9771C9C816E005E748E /* CountryAudioRowController.swift */; };
		A49E1CF71C9B2081001B3C28 /* AppDelegate.swift in Sources */ = {isa = PBXBuildFile; fileRef = A49E1CF61C9B2081001B3C28 /* AppDelegate.swift */; };
		A49E1CF91C9B2081001B3C28 /* ViewController.swift in Sources */ = {isa = PBXBuildFile; fileRef = A49E1CF81C9B2081001B3C28 /* ViewController.swift */; };
		A49E1CFC1C9B2081001B3C28 /* Main.storyboard in Resources */ = {isa = PBXBuildFile; fileRef = A49E1CFA1C9B2081001B3C28 /* Main.storyboard */; };
		A49E1CFE1C9B2081001B3C28 /* Assets.xcassets in Resources */ = {isa = PBXBuildFile; fileRef = A49E1CFD1C9B2081001B3C28 /* Assets.xcassets */; };
		A49E1D011C9B2081001B3C28 /* LaunchScreen.storyboard in Resources */ = {isa = PBXBuildFile; fileRef = A49E1CFF1C9B2081001B3C28 /* LaunchScreen.storyboard */; };
		A49E1D061C9B2081001B3C28 /* 2016-03-17-BackpackerChallenge WatchKit App.app in Embed Watch Content */ = {isa = PBXBuildFile; fileRef = A49E1D051C9B2081001B3C28 /* 2016-03-17-BackpackerChallenge WatchKit App.app */; };
		A49E1D0C1C9B2081001B3C28 /* Interface.storyboard in Resources */ = {isa = PBXBuildFile; fileRef = A49E1D0A1C9B2081001B3C28 /* Interface.storyboard */; };
		A49E1D0E1C9B2081001B3C28 /* Assets.xcassets in Resources */ = {isa = PBXBuildFile; fileRef = A49E1D0D1C9B2081001B3C28 /* Assets.xcassets */; };
		A49E1D151C9B2081001B3C28 /* 2016-03-17-BackpackerChallenge WatchKit Extension.appex in Embed App Extensions */ = {isa = PBXBuildFile; fileRef = A49E1D141C9B2081001B3C28 /* 2016-03-17-BackpackerChallenge WatchKit Extension.appex */; settings = {ATTRIBUTES = (RemoveHeadersOnCopy, ); }; };
		A49E1D1A1C9B2081001B3C28 /* CountryIC.swift in Sources */ = {isa = PBXBuildFile; fileRef = A49E1D191C9B2081001B3C28 /* CountryIC.swift */; };
		A49E1D1C1C9B2081001B3C28 /* ExtensionDelegate.swift in Sources */ = {isa = PBXBuildFile; fileRef = A49E1D1B1C9B2081001B3C28 /* ExtensionDelegate.swift */; };
		A49E1D1E1C9B2081001B3C28 /* Assets.xcassets in Resources */ = {isa = PBXBuildFile; fileRef = A49E1D1D1C9B2081001B3C28 /* Assets.xcassets */; };
		A49E1D2E1C9B2449001B3C28 /* CountryDetaiIC.swift in Sources */ = {isa = PBXBuildFile; fileRef = A49E1D2D1C9B2449001B3C28 /* CountryDetaiIC.swift */; };
		A49E1D331C9B24E9001B3C28 /* CountryRowController.swift in Sources */ = {isa = PBXBuildFile; fileRef = A49E1D321C9B24E9001B3C28 /* CountryRowController.swift */; };
		A4BA6BDD1C9B254B002E6EF0 /* Country.swift in Sources */ = {isa = PBXBuildFile; fileRef = A4BA6BDC1C9B254B002E6EF0 /* Country.swift */; };
		A4BA6BE11C9B31E9002E6EF0 /* PifeMario.mov in Resources */ = {isa = PBXBuildFile; fileRef = A4BA6BE01C9B31E9002E6EF0 /* PifeMario.mov */; };
		A4BA6BE31C9B3248002E6EF0 /* CountryMoviesIC.swift in Sources */ = {isa = PBXBuildFile; fileRef = A4BA6BE21C9B3248002E6EF0 /* CountryMoviesIC.swift */; };
		A4BA6BE51C9B325C002E6EF0 /* CountryAudsioIC.swift in Sources */ = {isa = PBXBuildFile; fileRef = A4BA6BE41C9B325C002E6EF0 /* CountryAudsioIC.swift */; };
/* End PBXBuildFile section */

/* Begin PBXContainerItemProxy section */
		A49E1D071C9B2081001B3C28 /* PBXContainerItemProxy */ = {
			isa = PBXContainerItemProxy;
			containerPortal = A49E1CEB1C9B2081001B3C28 /* Project object */;
			proxyType = 1;
			remoteGlobalIDString = A49E1D041C9B2081001B3C28;
			remoteInfo = "2016-03-17-BackpackerChallenge WatchKit App";
		};
		A49E1D161C9B2081001B3C28 /* PBXContainerItemProxy */ = {
			isa = PBXContainerItemProxy;
			containerPortal = A49E1CEB1C9B2081001B3C28 /* Project object */;
			proxyType = 1;
			remoteGlobalIDString = A49E1D131C9B2081001B3C28;
			remoteInfo = "2016-03-17-BackpackerChallenge WatchKit Extension";
		};
/* End PBXContainerItemProxy section */

/* Begin PBXCopyFilesBuildPhase section */
		A49E1D251C9B2081001B3C28 /* Embed App Extensions */ = {
			isa = PBXCopyFilesBuildPhase;
			buildActionMask = 2147483647;
			dstPath = "";
			dstSubfolderSpec = 13;
			files = (
				A49E1D151C9B2081001B3C28 /* 2016-03-17-BackpackerChallenge WatchKit Extension.appex in Embed App Extensions */,
			);
			name = "Embed App Extensions";
			runOnlyForDeploymentPostprocessing = 0;
		};
		A49E1D291C9B2081001B3C28 /* Embed Watch Content */ = {
			isa = PBXCopyFilesBuildPhase;
			buildActionMask = 2147483647;
			dstPath = "$(CONTENTS_FOLDER_PATH)/Watch";
			dstSubfolderSpec = 16;
			files = (
				A49E1D061C9B2081001B3C28 /* 2016-03-17-BackpackerChallenge WatchKit App.app in Embed Watch Content */,
			);
			name = "Embed Watch Content";
			runOnlyForDeploymentPostprocessing = 0;
		};
/* End PBXCopyFilesBuildPhase section */

/* Begin PBXFileReference section */
		A426B9771C9C816E005E748E /* CountryAudioRowController.swift */ = {isa = PBXFileReference; fileEncoding = 4; lastKnownFileType = sourcecode.swift; path = CountryAudioRowController.swift; sourceTree = "<group>"; };
		A49E1CF31C9B2081001B3C28 /* 2016-03-17-BackpackerChallenge.app */ = {isa = PBXFileReference; explicitFileType = wrapper.application; includeInIndex = 0; path = "2016-03-17-BackpackerChallenge.app"; sourceTree = BUILT_PRODUCTS_DIR; };
		A49E1CF61C9B2081001B3C28 /* AppDelegate.swift */ = {isa = PBXFileReference; lastKnownFileType = sourcecode.swift; path = AppDelegate.swift; sourceTree = "<group>"; };
		A49E1CF81C9B2081001B3C28 /* ViewController.swift */ = {isa = PBXFileReference; lastKnownFileType = sourcecode.swift; path = ViewController.swift; sourceTree = "<group>"; };
		A49E1CFB1C9B2081001B3C28 /* Base */ = {isa = PBXFileReference; lastKnownFileType = file.storyboard; name = Base; path = Base.lproj/Main.storyboard; sourceTree = "<group>"; };
		A49E1CFD1C9B2081001B3C28 /* Assets.xcassets */ = {isa = PBXFileReference; lastKnownFileType = folder.assetcatalog; path = Assets.xcassets; sourceTree = "<group>"; };
		A49E1D001C9B2081001B3C28 /* Base */ = {isa = PBXFileReference; lastKnownFileType = file.storyboard; name = Base; path = Base.lproj/LaunchScreen.storyboard; sourceTree = "<group>"; };
		A49E1D021C9B2081001B3C28 /* Info.plist */ = {isa = PBXFileReference; lastKnownFileType = text.plist.xml; path = Info.plist; sourceTree = "<group>"; };
		A49E1D051C9B2081001B3C28 /* 2016-03-17-BackpackerChallenge WatchKit App.app */ = {isa = PBXFileReference; explicitFileType = wrapper.application; includeInIndex = 0; path = "2016-03-17-BackpackerChallenge WatchKit App.app"; sourceTree = BUILT_PRODUCTS_DIR; };
		A49E1D0B1C9B2081001B3C28 /* Base */ = {isa = PBXFileReference; lastKnownFileType = file.storyboard; name = Base; path = Base.lproj/Interface.storyboard; sourceTree = "<group>"; };
		A49E1D0D1C9B2081001B3C28 /* Assets.xcassets */ = {isa = PBXFileReference; lastKnownFileType = folder.assetcatalog; path = Assets.xcassets; sourceTree = "<group>"; };
		A49E1D0F1C9B2081001B3C28 /* Info.plist */ = {isa = PBXFileReference; lastKnownFileType = text.plist.xml; path = Info.plist; sourceTree = "<group>"; };
		A49E1D141C9B2081001B3C28 /* 2016-03-17-BackpackerChallenge WatchKit Extension.appex */ = {isa = PBXFileReference; explicitFileType = "wrapper.app-extension"; includeInIndex = 0; path = "2016-03-17-BackpackerChallenge WatchKit Extension.appex"; sourceTree = BUILT_PRODUCTS_DIR; };
		A49E1D191C9B2081001B3C28 /* CountryIC.swift */ = {isa = PBXFileReference; lastKnownFileType = sourcecode.swift; path = CountryIC.swift; sourceTree = "<group>"; };
		A49E1D1B1C9B2081001B3C28 /* ExtensionDelegate.swift */ = {isa = PBXFileReference; lastKnownFileType = sourcecode.swift; path = ExtensionDelegate.swift; sourceTree = "<group>"; };
		A49E1D1D1C9B2081001B3C28 /* Assets.xcassets */ = {isa = PBXFileReference; lastKnownFileType = folder.assetcatalog; path = Assets.xcassets; sourceTree = "<group>"; };
		A49E1D1F1C9B2081001B3C28 /* Info.plist */ = {isa = PBXFileReference; lastKnownFileType = text.plist.xml; path = Info.plist; sourceTree = "<group>"; };
		A49E1D2D1C9B2449001B3C28 /* CountryDetaiIC.swift */ = {isa = PBXFileReference; fileEncoding = 4; lastKnownFileType = sourcecode.swift; path = CountryDetaiIC.swift; sourceTree = "<group>"; };
		A49E1D321C9B24E9001B3C28 /* CountryRowController.swift */ = {isa = PBXFileReference; fileEncoding = 4; lastKnownFileType = sourcecode.swift; path = CountryRowController.swift; sourceTree = "<group>"; };
		A4BA6BDC1C9B254B002E6EF0 /* Country.swift */ = {isa = PBXFileReference; fileEncoding = 4; lastKnownFileType = sourcecode.swift; path = Country.swift; sourceTree = "<group>"; };
		A4BA6BE01C9B31E9002E6EF0 /* PifeMario.mov */ = {isa = PBXFileReference; lastKnownFileType = video.quicktime; path = PifeMario.mov; sourceTree = "<group>"; };
		A4BA6BE21C9B3248002E6EF0 /* CountryMoviesIC.swift */ = {isa = PBXFileReference; fileEncoding = 4; lastKnownFileType = sourcecode.swift; path = CountryMoviesIC.swift; sourceTree = "<group>"; };
		A4BA6BE41C9B325C002E6EF0 /* CountryAudsioIC.swift */ = {isa = PBXFileReference; fileEncoding = 4; lastKnownFileType = sourcecode.swift; path = CountryAudsioIC.swift; sourceTree = "<group>"; };
/* End PBXFileReference section */

/* Begin PBXFrameworksBuildPhase section */
		A49E1CF01C9B2081001B3C28 /* Frameworks */ = {
			isa = PBXFrameworksBuildPhase;
			buildActionMask = 2147483647;
			files = (
			);
			runOnlyForDeploymentPostprocessing = 0;
		};
		A49E1D111C9B2081001B3C28 /* Frameworks */ = {
			isa = PBXFrameworksBuildPhase;
			buildActionMask = 2147483647;
			files = (
			);
			runOnlyForDeploymentPostprocessing = 0;
		};
/* End PBXFrameworksBuildPhase section */

/* Begin PBXGroup section */
		A49E1CEA1C9B2081001B3C28 = {
			isa = PBXGroup;
			children = (
				A49E1CF51C9B2081001B3C28 /* 2016-03-17-BackpackerChallenge */,
				A49E1D091C9B2081001B3C28 /* 2016-03-17-BackpackerChallenge WatchKit App */,
				A49E1D181C9B2081001B3C28 /* 2016-03-17-BackpackerChallenge WatchKit Extension */,
				A49E1CF41C9B2081001B3C28 /* Products */,
			);
			sourceTree = "<group>";
		};
		A49E1CF41C9B2081001B3C28 /* Products */ = {
			isa = PBXGroup;
			children = (
				A49E1CF31C9B2081001B3C28 /* 2016-03-17-BackpackerChallenge.app */,
				A49E1D051C9B2081001B3C28 /* 2016-03-17-BackpackerChallenge WatchKit App.app */,
				A49E1D141C9B2081001B3C28 /* 2016-03-17-BackpackerChallenge WatchKit Extension.appex */,
			);
			name = Products;
			sourceTree = "<group>";
		};
		A49E1CF51C9B2081001B3C28 /* 2016-03-17-BackpackerChallenge */ = {
			isa = PBXGroup;
			children = (
				A49E1CF61C9B2081001B3C28 /* AppDelegate.swift */,
				A49E1CF81C9B2081001B3C28 /* ViewController.swift */,
				A49E1CFA1C9B2081001B3C28 /* Main.storyboard */,
				A49E1CFD1C9B2081001B3C28 /* Assets.xcassets */,
				A49E1CFF1C9B2081001B3C28 /* LaunchScreen.storyboard */,
				A49E1D021C9B2081001B3C28 /* Info.plist */,
			);
			path = "2016-03-17-BackpackerChallenge";
			sourceTree = "<group>";
		};
		A49E1D091C9B2081001B3C28 /* 2016-03-17-BackpackerChallenge WatchKit App */ = {
			isa = PBXGroup;
			children = (
				A49E1D0A1C9B2081001B3C28 /* Interface.storyboard */,
				A49E1D0D1C9B2081001B3C28 /* Assets.xcassets */,
				A49E1D0F1C9B2081001B3C28 /* Info.plist */,
			);
			path = "2016-03-17-BackpackerChallenge WatchKit App";
			sourceTree = "<group>";
		};
		A49E1D181C9B2081001B3C28 /* 2016-03-17-BackpackerChallenge WatchKit Extension */ = {
			isa = PBXGroup;
			children = (
				A49E1D301C9B2477001B3C28 /* Model */,
				A49E1D2F1C9B2472001B3C28 /* Controller */,
				A49E1D1B1C9B2081001B3C28 /* ExtensionDelegate.swift */,
				A49E1D1D1C9B2081001B3C28 /* Assets.xcassets */,
				A49E1D1F1C9B2081001B3C28 /* Info.plist */,
			);
			path = "2016-03-17-BackpackerChallenge WatchKit Extension";
			sourceTree = "<group>";
		};
		A49E1D2F1C9B2472001B3C28 /* Controller */ = {
			isa = PBXGroup;
			children = (
				A49E1D311C9B24C5001B3C28 /* RowController */,
				A49E1D191C9B2081001B3C28 /* CountryIC.swift */,
				A49E1D2D1C9B2449001B3C28 /* CountryDetaiIC.swift */,
				A4BA6BE21C9B3248002E6EF0 /* CountryMoviesIC.swift */,
				A4BA6BE41C9B325C002E6EF0 /* CountryAudsioIC.swift */,
			);
			name = Controller;
			sourceTree = "<group>";
		};
		A49E1D301C9B2477001B3C28 /* Model */ = {
			isa = PBXGroup;
			children = (
				A4BA6BE01C9B31E9002E6EF0 /* PifeMario.mov */,
				A4BA6BDC1C9B254B002E6EF0 /* Country.swift */,
			);
			name = Model;
			sourceTree = "<group>";
		};
		A49E1D311C9B24C5001B3C28 /* RowController */ = {
			isa = PBXGroup;
			children = (
				A49E1D321C9B24E9001B3C28 /* CountryRowController.swift */,
				A426B9771C9C816E005E748E /* CountryAudioRowController.swift */,
			);
			name = RowController;
			sourceTree = "<group>";
		};
/* End PBXGroup section */

/* Begin PBXNativeTarget section */
		A49E1CF21C9B2081001B3C28 /* 2016-03-17-BackpackerChallenge */ = {
			isa = PBXNativeTarget;
			buildConfigurationList = A49E1D2A1C9B2081001B3C28 /* Build configuration list for PBXNativeTarget "2016-03-17-BackpackerChallenge" */;
			buildPhases = (
				A49E1CEF1C9B2081001B3C28 /* Sources */,
				A49E1CF01C9B2081001B3C28 /* Frameworks */,
				A49E1CF11C9B2081001B3C28 /* Resources */,
				A49E1D291C9B2081001B3C28 /* Embed Watch Content */,
			);
			buildRules = (
			);
			dependencies = (
				A49E1D081C9B2081001B3C28 /* PBXTargetDependency */,
			);
			name = "2016-03-17-BackpackerChallenge";
			productName = "2016-03-17-BackpackerChallenge";
			productReference = A49E1CF31C9B2081001B3C28 /* 2016-03-17-BackpackerChallenge.app */;
			productType = "com.apple.product-type.application";
		};
		A49E1D041C9B2081001B3C28 /* 2016-03-17-BackpackerChallenge WatchKit App */ = {
			isa = PBXNativeTarget;
			buildConfigurationList = A49E1D261C9B2081001B3C28 /* Build configuration list for PBXNativeTarget "2016-03-17-BackpackerChallenge WatchKit App" */;
			buildPhases = (
				A49E1D031C9B2081001B3C28 /* Resources */,
				A49E1D251C9B2081001B3C28 /* Embed App Extensions */,
			);
			buildRules = (
			);
			dependencies = (
				A49E1D171C9B2081001B3C28 /* PBXTargetDependency */,
			);
			name = "2016-03-17-BackpackerChallenge WatchKit App";
			productName = "2016-03-17-BackpackerChallenge WatchKit App";
			productReference = A49E1D051C9B2081001B3C28 /* 2016-03-17-BackpackerChallenge WatchKit App.app */;
			productType = "com.apple.product-type.application.watchapp2";
		};
		A49E1D131C9B2081001B3C28 /* 2016-03-17-BackpackerChallenge WatchKit Extension */ = {
			isa = PBXNativeTarget;
			buildConfigurationList = A49E1D221C9B2081001B3C28 /* Build configuration list for PBXNativeTarget "2016-03-17-BackpackerChallenge WatchKit Extension" */;
			buildPhases = (
				A49E1D101C9B2081001B3C28 /* Sources */,
				A49E1D111C9B2081001B3C28 /* Frameworks */,
				A49E1D121C9B2081001B3C28 /* Resources */,
			);
			buildRules = (
			);
			dependencies = (
			);
			name = "2016-03-17-BackpackerChallenge WatchKit Extension";
			productName = "2016-03-17-BackpackerChallenge WatchKit Extension";
			productReference = A49E1D141C9B2081001B3C28 /* 2016-03-17-BackpackerChallenge WatchKit Extension.appex */;
			productType = "com.apple.product-type.watchkit2-extension";
		};
/* End PBXNativeTarget section */

/* Begin PBXProject section */
		A49E1CEB1C9B2081001B3C28 /* Project object */ = {
			isa = PBXProject;
			attributes = {
				LastSwiftUpdateCheck = 0720;
				LastUpgradeCheck = 0720;
				ORGANIZATIONNAME = TB;
				TargetAttributes = {
					A49E1CF21C9B2081001B3C28 = {
						CreatedOnToolsVersion = 7.2.1;
					};
					A49E1D041C9B2081001B3C28 = {
						CreatedOnToolsVersion = 7.2.1;
					};
					A49E1D131C9B2081001B3C28 = {
						CreatedOnToolsVersion = 7.2.1;
					};
				};
			};
			buildConfigurationList = A49E1CEE1C9B2081001B3C28 /* Build configuration list for PBXProject "2016-03-17-BackpackerChallenge" */;
			compatibilityVersion = "Xcode 3.2";
			developmentRegion = English;
			hasScannedForEncodings = 0;
			knownRegions = (
				en,
				Base,
			);
			mainGroup = A49E1CEA1C9B2081001B3C28;
			productRefGroup = A49E1CF41C9B2081001B3C28 /* Products */;
			projectDirPath = "";
			projectRoot = "";
			targets = (
				A49E1CF21C9B2081001B3C28 /* 2016-03-17-BackpackerChallenge */,
				A49E1D041C9B2081001B3C28 /* 2016-03-17-BackpackerChallenge WatchKit App */,
				A49E1D131C9B2081001B3C28 /* 2016-03-17-BackpackerChallenge WatchKit Extension */,
			);
		};
/* End PBXProject section */

/* Begin PBXResourcesBuildPhase section */
		A49E1CF11C9B2081001B3C28 /* Resources */ = {
			isa = PBXResourcesBuildPhase;
			buildActionMask = 2147483647;
			files = (
				A49E1D011C9B2081001B3C28 /* LaunchScreen.storyboard in Resources */,
				A49E1CFE1C9B2081001B3C28 /* Assets.xcassets in Resources */,
				A49E1CFC1C9B2081001B3C28 /* Main.storyboard in Resources */,
			);
			runOnlyForDeploymentPostprocessing = 0;
		};
		A49E1D031C9B2081001B3C28 /* Resources */ = {
			isa = PBXResourcesBuildPhase;
			buildActionMask = 2147483647;
			files = (
				A49E1D0E1C9B2081001B3C28 /* Assets.xcassets in Resources */,
				A49E1D0C1C9B2081001B3C28 /* Interface.storyboard in Resources */,
			);
			runOnlyForDeploymentPostprocessing = 0;
		};
		A49E1D121C9B2081001B3C28 /* Resources */ = {
			isa = PBXResourcesBuildPhase;
			buildActionMask = 2147483647;
			files = (
				A49E1D1E1C9B2081001B3C28 /* Assets.xcassets in Resources */,
				A4BA6BE11C9B31E9002E6EF0 /* PifeMario.mov in Resources */,
			);
			runOnlyForDeploymentPostprocessing = 0;
		};
/* End PBXResourcesBuildPhase section */

/* Begin PBXSourcesBuildPhase section */
		A49E1CEF1C9B2081001B3C28 /* Sources */ = {
			isa = PBXSourcesBuildPhase;
			buildActionMask = 2147483647;
			files = (
				A49E1CF91C9B2081001B3C28 /* ViewController.swift in Sources */,
				A49E1CF71C9B2081001B3C28 /* AppDelegate.swift in Sources */,
			);
			runOnlyForDeploymentPostprocessing = 0;
		};
		A49E1D101C9B2081001B3C28 /* Sources */ = {
			isa = PBXSourcesBuildPhase;
			buildActionMask = 2147483647;
			files = (
				A49E1D1C1C9B2081001B3C28 /* ExtensionDelegate.swift in Sources */,
				A49E1D331C9B24E9001B3C28 /* CountryRowController.swift in Sources */,
				A49E1D1A1C9B2081001B3C28 /* CountryIC.swift in Sources */,
				A4BA6BDD1C9B254B002E6EF0 /* Country.swift in Sources */,
				A426B9781C9C816E005E748E /* CountryAudioRowController.swift in Sources */,
				A49E1D2E1C9B2449001B3C28 /* CountryDetaiIC.swift in Sources */,
				A4BA6BE31C9B3248002E6EF0 /* CountryMoviesIC.swift in Sources */,
				A4BA6BE51C9B325C002E6EF0 /* CountryAudsioIC.swift in Sources */,
			);
			runOnlyForDeploymentPostprocessing = 0;
		};
/* End PBXSourcesBuildPhase section */

/* Begin PBXTargetDependency section */
		A49E1D081C9B2081001B3C28 /* PBXTargetDependency */ = {
			isa = PBXTargetDependency;
			target = A49E1D041C9B2081001B3C28 /* 2016-03-17-BackpackerChallenge WatchKit App */;
			targetProxy = A49E1D071C9B2081001B3C28 /* PBXContainerItemProxy */;
		};
		A49E1D171C9B2081001B3C28 /* PBXTargetDependency */ = {
			isa = PBXTargetDependency;
			target = A49E1D131C9B2081001B3C28 /* 2016-03-17-BackpackerChallenge WatchKit Extension */;
			targetProxy = A49E1D161C9B2081001B3C28 /* PBXContainerItemProxy */;
		};
/* End PBXTargetDependency section */

/* Begin PBXVariantGroup section */
		A49E1CFA1C9B2081001B3C28 /* Main.storyboard */ = {
			isa = PBXVariantGroup;
			children = (
				A49E1CFB1C9B2081001B3C28 /* Base */,
			);
			name = Main.storyboard;
			sourceTree = "<group>";
		};
		A49E1CFF1C9B2081001B3C28 /* LaunchScreen.storyboard */ = {
			isa = PBXVariantGroup;
			children = (
				A49E1D001C9B2081001B3C28 /* Base */,
			);
			name = LaunchScreen.storyboard;
			sourceTree = "<group>";
		};
		A49E1D0A1C9B2081001B3C28 /* Interface.storyboard */ = {
			isa = PBXVariantGroup;
			children = (
				A49E1D0B1C9B2081001B3C28 /* Base */,
			);
			name = Interface.storyboard;
			sourceTree = "<group>";
		};
/* End PBXVariantGroup section */

/* Begin XCBuildConfiguration section */
		A49E1D201C9B2081001B3C28 /* Debug */ = {
			isa = XCBuildConfiguration;
			buildSettings = {
				ALWAYS_SEARCH_USER_PATHS = NO;
				CLANG_CXX_LANGUAGE_STANDARD = "gnu++0x";
				CLANG_CXX_LIBRARY = "libc++";
				CLANG_ENABLE_MODULES = YES;
				CLANG_ENABLE_OBJC_ARC = YES;
				CLANG_WARN_BOOL_CONVERSION = YES;
				CLANG_WARN_CONSTANT_CONVERSION = YES;
				CLANG_WARN_DIRECT_OBJC_ISA_USAGE = YES_ERROR;
				CLANG_WARN_EMPTY_BODY = YES;
				CLANG_WARN_ENUM_CONVERSION = YES;
				CLANG_WARN_INT_CONVERSION = YES;
				CLANG_WARN_OBJC_ROOT_CLASS = YES_ERROR;
				CLANG_WARN_UNREACHABLE_CODE = YES;
				CLANG_WARN__DUPLICATE_METHOD_MATCH = YES;
				"CODE_SIGN_IDENTITY[sdk=iphoneos*]" = "iPhone Developer";
				COPY_PHASE_STRIP = NO;
				DEBUG_INFORMATION_FORMAT = dwarf;
				ENABLE_STRICT_OBJC_MSGSEND = YES;
				ENABLE_TESTABILITY = YES;
				GCC_C_LANGUAGE_STANDARD = gnu99;
				GCC_DYNAMIC_NO_PIC = NO;
				GCC_NO_COMMON_BLOCKS = YES;
				GCC_OPTIMIZATION_LEVEL = 0;
				GCC_PREPROCESSOR_DEFINITIONS = (
					"DEBUG=1",
					"$(inherited)",
				);
				GCC_WARN_64_TO_32_BIT_CONVERSION = YES;
				GCC_WARN_ABOUT_RETURN_TYPE = YES_ERROR;
				GCC_WARN_UNDECLARED_SELECTOR = YES;
				GCC_WARN_UNINITIALIZED_AUTOS = YES_AGGRESSIVE;
				GCC_WARN_UNUSED_FUNCTION = YES;
				GCC_WARN_UNUSED_VARIABLE = YES;
				IPHONEOS_DEPLOYMENT_TARGET = 9.2;
				MTL_ENABLE_DEBUG_INFO = YES;
				ONLY_ACTIVE_ARCH = YES;
				SDKROOT = iphoneos;
				SWIFT_OPTIMIZATION_LEVEL = "-Onone";
				TARGETED_DEVICE_FAMILY = "1,2";
			};
			name = Debug;
		};
		A49E1D211C9B2081001B3C28 /* Release */ = {
			isa = XCBuildConfiguration;
			buildSettings = {
				ALWAYS_SEARCH_USER_PATHS = NO;
				CLANG_CXX_LANGUAGE_STANDARD = "gnu++0x";
				CLANG_CXX_LIBRARY = "libc++";
				CLANG_ENABLE_MODULES = YES;
				CLANG_ENABLE_OBJC_ARC = YES;
				CLANG_WARN_BOOL_CONVERSION = YES;
				CLANG_WARN_CONSTANT_CONVERSION = YES;
				CLANG_WARN_DIRECT_OBJC_ISA_USAGE = YES_ERROR;
				CLANG_WARN_EMPTY_BODY = YES;
				CLANG_WARN_ENUM_CONVERSION = YES;
				CLANG_WARN_INT_CONVERSION = YES;
				CLANG_WARN_OBJC_ROOT_CLASS = YES_ERROR;
				CLANG_WARN_UNREACHABLE_CODE = YES;
				CLANG_WARN__DUPLICATE_METHOD_MATCH = YES;
				"CODE_SIGN_IDENTITY[sdk=iphoneos*]" = "iPhone Developer";
				COPY_PHASE_STRIP = NO;
				DEBUG_INFORMATION_FORMAT = "dwarf-with-dsym";
				ENABLE_NS_ASSERTIONS = NO;
				ENABLE_STRICT_OBJC_MSGSEND = YES;
				GCC_C_LANGUAGE_STANDARD = gnu99;
				GCC_NO_COMMON_BLOCKS = YES;
				GCC_WARN_64_TO_32_BIT_CONVERSION = YES;
				GCC_WARN_ABOUT_RETURN_TYPE = YES_ERROR;
				GCC_WARN_UNDECLARED_SELECTOR = YES;
				GCC_WARN_UNINITIALIZED_AUTOS = YES_AGGRESSIVE;
				GCC_WARN_UNUSED_FUNCTION = YES;
				GCC_WARN_UNUSED_VARIABLE = YES;
				IPHONEOS_DEPLOYMENT_TARGET = 9.2;
				MTL_ENABLE_DEBUG_INFO = NO;
				SDKROOT = iphoneos;
				TARGETED_DEVICE_FAMILY = "1,2";
				VALIDATE_PRODUCT = YES;
			};
			name = Release;
		};
		A49E1D231C9B2081001B3C28 /* Debug */ = {
			isa = XCBuildConfiguration;
			buildSettings = {
				INFOPLIST_FILE = "2016-03-17-BackpackerChallenge WatchKit Extension/Info.plist";
				LD_RUNPATH_SEARCH_PATHS = "$(inherited) @executable_path/Frameworks @executable_path/../../Frameworks";
				PRODUCT_BUNDLE_IDENTIFIER = "TB.-016-03-17-BackpackerChallenge.watchkitapp.watchkitextension";
				PRODUCT_NAME = "${TARGET_NAME}";
				SDKROOT = watchos;
				SKIP_INSTALL = YES;
				TARGETED_DEVICE_FAMILY = 4;
				WATCHOS_DEPLOYMENT_TARGET = 2.1;
			};
			name = Debug;
		};
		A49E1D241C9B2081001B3C28 /* Release */ = {
			isa = XCBuildConfiguration;
			buildSettings = {
				INFOPLIST_FILE = "2016-03-17-BackpackerChallenge WatchKit Extension/Info.plist";
				LD_RUNPATH_SEARCH_PATHS = "$(inherited) @executable_path/Frameworks @executable_path/../../Frameworks";
				PRODUCT_BUNDLE_IDENTIFIER = "TB.-016-03-17-BackpackerChallenge.watchkitapp.watchkitextension";
				PRODUCT_NAME = "${TARGET_NAME}";
				SDKROOT = watchos;
				SKIP_INSTALL = YES;
				TARGETED_DEVICE_FAMILY = 4;
				WATCHOS_DEPLOYMENT_TARGET = 2.1;
			};
			name = Release;
		};
		A49E1D271C9B2081001B3C28 /* Debug */ = {
			isa = XCBuildConfiguration;
			buildSettings = {
				ASSETCATALOG_COMPILER_APPICON_NAME = AppIcon;
				EMBEDDED_CONTENT_CONTAINS_SWIFT = YES;
				IBSC_MODULE = _016_03_17_BackpackerChallenge_WatchKit_Extension;
				INFOPLIST_FILE = "2016-03-17-BackpackerChallenge WatchKit App/Info.plist";
				PRODUCT_BUNDLE_IDENTIFIER = "TB.-016-03-17-BackpackerChallenge.watchkitapp";
				PRODUCT_NAME = "$(TARGET_NAME)";
				SDKROOT = watchos;
				SKIP_INSTALL = YES;
				TARGETED_DEVICE_FAMILY = 4;
				WATCHOS_DEPLOYMENT_TARGET = 2.1;
			};
			name = Debug;
		};
		A49E1D281C9B2081001B3C28 /* Release */ = {
			isa = XCBuildConfiguration;
			buildSettings = {
				ASSETCATALOG_COMPILER_APPICON_NAME = AppIcon;
				EMBEDDED_CONTENT_CONTAINS_SWIFT = YES;
				IBSC_MODULE = _016_03_17_BackpackerChallenge_WatchKit_Extension;
				INFOPLIST_FILE = "2016-03-17-BackpackerChallenge WatchKit App/Info.plist";
				PRODUCT_BUNDLE_IDENTIFIER = "TB.-016-03-17-BackpackerChallenge.watchkitapp";
				PRODUCT_NAME = "$(TARGET_NAME)";
				SDKROOT = watchos;
				SKIP_INSTALL = YES;
				TARGETED_DEVICE_FAMILY = 4;
				WATCHOS_DEPLOYMENT_TARGET = 2.1;
			};
			name = Release;
		};
		A49E1D2B1C9B2081001B3C28 /* Debug */ = {
			isa = XCBuildConfiguration;
			buildSettings = {
				ASSETCATALOG_COMPILER_APPICON_NAME = AppIcon;
				INFOPLIST_FILE = "2016-03-17-BackpackerChallenge/Info.plist";
				LD_RUNPATH_SEARCH_PATHS = "$(inherited) @executable_path/Frameworks";
				PRODUCT_BUNDLE_IDENTIFIER = "TB.-016-03-17-BackpackerChallenge";
				PRODUCT_NAME = "$(TARGET_NAME)";
			};
			name = Debug;
		};
		A49E1D2C1C9B2081001B3C28 /* Release */ = {
			isa = XCBuildConfiguration;
			buildSettings = {
				ASSETCATALOG_COMPILER_APPICON_NAME = AppIcon;
				INFOPLIST_FILE = "2016-03-17-BackpackerChallenge/Info.plist";
				LD_RUNPATH_SEARCH_PATHS = "$(inherited) @executable_path/Frameworks";
				PRODUCT_BUNDLE_IDENTIFIER = "TB.-016-03-17-BackpackerChallenge";
				PRODUCT_NAME = "$(TARGET_NAME)";
			};
			name = Release;
		};
/* End XCBuildConfiguration section */

/* Begin XCConfigurationList section */
		A49E1CEE1C9B2081001B3C28 /* Build configuration list for PBXProject "2016-03-17-BackpackerChallenge" */ = {
			isa = XCConfigurationList;
			buildConfigurations = (
				A49E1D201C9B2081001B3C28 /* Debug */,
				A49E1D211C9B2081001B3C28 /* Release */,
			);
			defaultConfigurationIsVisible = 0;
			defaultConfigurationName = Release;
		};
		A49E1D221C9B2081001B3C28 /* Build configuration list for PBXNativeTarget "2016-03-17-BackpackerChallenge WatchKit Extension" */ = {
			isa = XCConfigurationList;
			buildConfigurations = (
				A49E1D231C9B2081001B3C28 /* Debug */,
				A49E1D241C9B2081001B3C28 /* Release */,
			);
			defaultConfigurationIsVisible = 0;
			defaultConfigurationName = Release;
		};
		A49E1D261C9B2081001B3C28 /* Build configuration list for PBXNativeTarget "2016-03-17-BackpackerChallenge WatchKit App" */ = {
			isa = XCConfigurationList;
			buildConfigurations = (
				A49E1D271C9B2081001B3C28 /* Debug */,
				A49E1D281C9B2081001B3C28 /* Release */,
			);
			defaultConfigurationIsVisible = 0;
			defaultConfigurationName = Release;
		};
		A49E1D2A1C9B2081001B3C28 /* Build configuration list for PBXNativeTarget "2016-03-17-BackpackerChallenge" */ = {
			isa = XCConfigurationList;
			buildConfigurations = (
				A49E1D2B1C9B2081001B3C28 /* Debug */,
				A49E1D2C1C9B2081001B3C28 /* Release */,
			);
			defaultConfigurationIsVisible = 0;
			defaultConfigurationName = Release;
		};
/* End XCConfigurationList section */
	};
	rootObject = A49E1CEB1C9B2081001B3C28 /* Project object */;
}
